// !$*UTF8*$!
{
	archiveVersion = 1;
	classes = {
	};
	objectVersion = 46;
	objects = {

/* Begin PBXBuildFile section */
		519BA1011910F9E8008E5674 /* OWSpaceImageViewController.m in Sources */ = {isa = PBXBuildFile; fileRef = 519BA1001910F9E8008E5674 /* OWSpaceImageViewController.m */; };
		51AB513F190E08A20008B541 /* Foundation.framework in Frameworks */ = {isa = PBXBuildFile; fileRef = 51AB513E190E08A20008B541 /* Foundation.framework */; };
		51AB5141190E08A20008B541 /* CoreGraphics.framework in Frameworks */ = {isa = PBXBuildFile; fileRef = 51AB5140190E08A20008B541 /* CoreGraphics.framework */; };
		51AB5143190E08A20008B541 /* UIKit.framework in Frameworks */ = {isa = PBXBuildFile; fileRef = 51AB5142190E08A20008B541 /* UIKit.framework */; };
		51AB5149190E08A20008B541 /* InfoPlist.strings in Resources */ = {isa = PBXBuildFile; fileRef = 51AB5147190E08A20008B541 /* InfoPlist.strings */; };
		51AB514B190E08A20008B541 /* main.m in Sources */ = {isa = PBXBuildFile; fileRef = 51AB514A190E08A20008B541 /* main.m */; };
		51AB514F190E08A20008B541 /* OWAppDelegate.m in Sources */ = {isa = PBXBuildFile; fileRef = 51AB514E190E08A20008B541 /* OWAppDelegate.m */; };
		51AB5152190E08A20008B541 /* Main.storyboard in Resources */ = {isa = PBXBuildFile; fileRef = 51AB5150190E08A20008B541 /* Main.storyboard */; };
		51AB5157190E08A20008B541 /* Images.xcassets in Resources */ = {isa = PBXBuildFile; fileRef = 51AB5156190E08A20008B541 /* Images.xcassets */; };
		51AB515E190E08A20008B541 /* XCTest.framework in Frameworks */ = {isa = PBXBuildFile; fileRef = 51AB515D190E08A20008B541 /* XCTest.framework */; };
		51AB515F190E08A20008B541 /* Foundation.framework in Frameworks */ = {isa = PBXBuildFile; fileRef = 51AB513E190E08A20008B541 /* Foundation.framework */; };
		51AB5160190E08A20008B541 /* UIKit.framework in Frameworks */ = {isa = PBXBuildFile; fileRef = 51AB5142190E08A20008B541 /* UIKit.framework */; };
		51AB5168190E08A20008B541 /* InfoPlist.strings in Resources */ = {isa = PBXBuildFile; fileRef = 51AB5166190E08A20008B541 /* InfoPlist.strings */; };
		51AB516A190E08A20008B541 /* Out_of_this_WorldTests.m in Sources */ = {isa = PBXBuildFile; fileRef = 51AB5169190E08A20008B541 /* Out_of_this_WorldTests.m */; };
		51AB5175190E092D0008B541 /* OWOuterSpaceTableViewController.m in Sources */ = {isa = PBXBuildFile; fileRef = 51AB5174190E092D0008B541 /* OWOuterSpaceTableViewController.m */; };
		51AD15B819147C3600ABA950 /* OWSpaceDataViewController.m in Sources */ = {isa = PBXBuildFile; fileRef = 51AD15B719147C3600ABA950 /* OWSpaceDataViewController.m */; };
		51BB0552190EB6F300A0FDB9 /* AstronomicalData.m in Sources */ = {isa = PBXBuildFile; fileRef = 51BB0551190EB6F300A0FDB9 /* AstronomicalData.m */; };
		51BB055D190EC03F00A0FDB9 /* Earth.jpg in Resources */ = {isa = PBXBuildFile; fileRef = 51BB0553190EC03F00A0FDB9 /* Earth.jpg */; };
		51BB055E190EC03F00A0FDB9 /* EinsteinRing.jpg in Resources */ = {isa = PBXBuildFile; fileRef = 51BB0554190EC03F00A0FDB9 /* EinsteinRing.jpg */; };
		51BB055F190EC03F00A0FDB9 /* Jupiter.jpg in Resources */ = {isa = PBXBuildFile; fileRef = 51BB0555190EC03F00A0FDB9 /* Jupiter.jpg */; };
		51BB0560190EC03F00A0FDB9 /* Mars.jpg in Resources */ = {isa = PBXBuildFile; fileRef = 51BB0556190EC03F00A0FDB9 /* Mars.jpg */; };
		51BB0561190EC03F00A0FDB9 /* Mercury.jpg in Resources */ = {isa = PBXBuildFile; fileRef = 51BB0557190EC03F00A0FDB9 /* Mercury.jpg */; };
		51BB0562190EC03F00A0FDB9 /* Neptune.jpg in Resources */ = {isa = PBXBuildFile; fileRef = 51BB0558190EC03F00A0FDB9 /* Neptune.jpg */; };
		51BB0563190EC03F00A0FDB9 /* Orion.jpg in Resources */ = {isa = PBXBuildFile; fileRef = 51BB0559190EC03F00A0FDB9 /* Orion.jpg */; };
		51BB0564190EC03F00A0FDB9 /* Saturn.jpg in Resources */ = {isa = PBXBuildFile; fileRef = 51BB055A190EC03F00A0FDB9 /* Saturn.jpg */; };
		51BB0565190EC03F00A0FDB9 /* Uranus.jpg in Resources */ = {isa = PBXBuildFile; fileRef = 51BB055B190EC03F00A0FDB9 /* Uranus.jpg */; };
		51BB0566190EC03F00A0FDB9 /* Venus.jpg in Resources */ = {isa = PBXBuildFile; fileRef = 51BB055C190EC03F00A0FDB9 /* Venus.jpg */; };
		51BB0569190EC14A00A0FDB9 /* OWSpaceObject.m in Sources */ = {isa = PBXBuildFile; fileRef = 51BB0568190EC14A00A0FDB9 /* OWSpaceObject.m */; };
/* End PBXBuildFile section */

/* Begin PBXContainerItemProxy section */
		51AB5161190E08A20008B541 /* PBXContainerItemProxy */ = {
			isa = PBXContainerItemProxy;
			containerPortal = 51AB5133190E08A20008B541 /* Project object */;
			proxyType = 1;
			remoteGlobalIDString = 51AB513A190E08A20008B541;
			remoteInfo = "Out of this World";
		};
/* End PBXContainerItemProxy section */

/* Begin PBXFileReference section */
		519BA0FF1910F9E8008E5674 /* OWSpaceImageViewController.h */ = {isa = PBXFileReference; fileEncoding = 4; lastKnownFileType = sourcecode.c.h; path = OWSpaceImageViewController.h; sourceTree = "<group>"; };
		519BA1001910F9E8008E5674 /* OWSpaceImageViewController.m */ = {isa = PBXFileReference; fileEncoding = 4; lastKnownFileType = sourcecode.c.objc; path = OWSpaceImageViewController.m; sourceTree = "<group>"; };
		51AB513B190E08A20008B541 /* Out of this World.app */ = {isa = PBXFileReference; explicitFileType = wrapper.application; includeInIndex = 0; path = "Out of this World.app"; sourceTree = BUILT_PRODUCTS_DIR; };
		51AB513E190E08A20008B541 /* Foundation.framework */ = {isa = PBXFileReference; lastKnownFileType = wrapper.framework; name = Foundation.framework; path = System/Library/Frameworks/Foundation.framework; sourceTree = SDKROOT; };
		51AB5140190E08A20008B541 /* CoreGraphics.framework */ = {isa = PBXFileReference; lastKnownFileType = wrapper.framework; name = CoreGraphics.framework; path = System/Library/Frameworks/CoreGraphics.framework; sourceTree = SDKROOT; };
		51AB5142190E08A20008B541 /* UIKit.framework */ = {isa = PBXFileReference; lastKnownFileType = wrapper.framework; name = UIKit.framework; path = System/Library/Frameworks/UIKit.framework; sourceTree = SDKROOT; };
		51AB5146190E08A20008B541 /* Out of this World-Info.plist */ = {isa = PBXFileReference; lastKnownFileType = text.plist.xml; path = "Out of this World-Info.plist"; sourceTree = "<group>"; };
		51AB5148190E08A20008B541 /* en */ = {isa = PBXFileReference; lastKnownFileType = text.plist.strings; name = en; path = en.lproj/InfoPlist.strings; sourceTree = "<group>"; };
		51AB514A190E08A20008B541 /* main.m */ = {isa = PBXFileReference; lastKnownFileType = sourcecode.c.objc; path = main.m; sourceTree = "<group>"; };
		51AB514C190E08A20008B541 /* Out of this World-Prefix.pch */ = {isa = PBXFileReference; lastKnownFileType = sourcecode.c.h; path = "Out of this World-Prefix.pch"; sourceTree = "<group>"; };
		51AB514D190E08A20008B541 /* OWAppDelegate.h */ = {isa = PBXFileReference; lastKnownFileType = sourcecode.c.h; path = OWAppDelegate.h; sourceTree = "<group>"; };
		51AB514E190E08A20008B541 /* OWAppDelegate.m */ = {isa = PBXFileReference; lastKnownFileType = sourcecode.c.objc; path = OWAppDelegate.m; sourceTree = "<group>"; };
		51AB5151190E08A20008B541 /* Base */ = {isa = PBXFileReference; lastKnownFileType = file.storyboard; name = Base; path = Base.lproj/Main.storyboard; sourceTree = "<group>"; };
		51AB5156190E08A20008B541 /* Images.xcassets */ = {isa = PBXFileReference; lastKnownFileType = folder.assetcatalog; path = Images.xcassets; sourceTree = "<group>"; };
		51AB515C190E08A20008B541 /* Out of this WorldTests.xctest */ = {isa = PBXFileReference; explicitFileType = wrapper.cfbundle; includeInIndex = 0; path = "Out of this WorldTests.xctest"; sourceTree = BUILT_PRODUCTS_DIR; };
		51AB515D190E08A20008B541 /* XCTest.framework */ = {isa = PBXFileReference; lastKnownFileType = wrapper.framework; name = XCTest.framework; path = Library/Frameworks/XCTest.framework; sourceTree = DEVELOPER_DIR; };
		51AB5165190E08A20008B541 /* Out of this WorldTests-Info.plist */ = {isa = PBXFileReference; lastKnownFileType = text.plist.xml; path = "Out of this WorldTests-Info.plist"; sourceTree = "<group>"; };
		51AB5167190E08A20008B541 /* en */ = {isa = PBXFileReference; lastKnownFileType = text.plist.strings; name = en; path = en.lproj/InfoPlist.strings; sourceTree = "<group>"; };
		51AB5169190E08A20008B541 /* Out_of_this_WorldTests.m */ = {isa = PBXFileReference; lastKnownFileType = sourcecode.c.objc; path = Out_of_this_WorldTests.m; sourceTree = "<group>"; };
		51AB5173190E092D0008B541 /* OWOuterSpaceTableViewController.h */ = {isa = PBXFileReference; fileEncoding = 4; lastKnownFileType = sourcecode.c.h; path = OWOuterSpaceTableViewController.h; sourceTree = "<group>"; };
		51AB5174190E092D0008B541 /* OWOuterSpaceTableViewController.m */ = {isa = PBXFileReference; fileEncoding = 4; lastKnownFileType = sourcecode.c.objc; path = OWOuterSpaceTableViewController.m; sourceTree = "<group>"; };
		51AD15B619147C3600ABA950 /* OWSpaceDataViewController.h */ = {isa = PBXFileReference; fileEncoding = 4; lastKnownFileType = sourcecode.c.h; path = OWSpaceDataViewController.h; sourceTree = "<group>"; };
		51AD15B719147C3600ABA950 /* OWSpaceDataViewController.m */ = {isa = PBXFileReference; fileEncoding = 4; lastKnownFileType = sourcecode.c.objc; path = OWSpaceDataViewController.m; sourceTree = "<group>"; };
		51BB0550190EB6F300A0FDB9 /* AstronomicalData.h */ = {isa = PBXFileReference; fileEncoding = 4; lastKnownFileType = sourcecode.c.h; path = AstronomicalData.h; sourceTree = "<group>"; };
		51BB0551190EB6F300A0FDB9 /* AstronomicalData.m */ = {isa = PBXFileReference; fileEncoding = 4; lastKnownFileType = sourcecode.c.objc; path = AstronomicalData.m; sourceTree = "<group>"; };
		51BB0553190EC03F00A0FDB9 /* Earth.jpg */ = {isa = PBXFileReference; lastKnownFileType = image.jpeg; path = Earth.jpg; sourceTree = "<group>"; };
		51BB0554190EC03F00A0FDB9 /* EinsteinRing.jpg */ = {isa = PBXFileReference; lastKnownFileType = image.jpeg; path = EinsteinRing.jpg; sourceTree = "<group>"; };
		51BB0555190EC03F00A0FDB9 /* Jupiter.jpg */ = {isa = PBXFileReference; lastKnownFileType = image.jpeg; path = Jupiter.jpg; sourceTree = "<group>"; };
		51BB0556190EC03F00A0FDB9 /* Mars.jpg */ = {isa = PBXFileReference; lastKnownFileType = image.jpeg; path = Mars.jpg; sourceTree = "<group>"; };
		51BB0557190EC03F00A0FDB9 /* Mercury.jpg */ = {isa = PBXFileReference; lastKnownFileType = image.jpeg; path = Mercury.jpg; sourceTree = "<group>"; };
		51BB0558190EC03F00A0FDB9 /* Neptune.jpg */ = {isa = PBXFileReference; lastKnownFileType = image.jpeg; path = Neptune.jpg; sourceTree = "<group>"; };
		51BB0559190EC03F00A0FDB9 /* Orion.jpg */ = {isa = PBXFileReference; lastKnownFileType = image.jpeg; path = Orion.jpg; sourceTree = "<group>"; };
		51BB055A190EC03F00A0FDB9 /* Saturn.jpg */ = {isa = PBXFileReference; lastKnownFileType = image.jpeg; path = Saturn.jpg; sourceTree = "<group>"; };
		51BB055B190EC03F00A0FDB9 /* Uranus.jpg */ = {isa = PBXFileReference; lastKnownFileType = image.jpeg; path = Uranus.jpg; sourceTree = "<group>"; };
		51BB055C190EC03F00A0FDB9 /* Venus.jpg */ = {isa = PBXFileReference; lastKnownFileType = image.jpeg; path = Venus.jpg; sourceTree = "<group>"; };
		51BB0567190EC14A00A0FDB9 /* OWSpaceObject.h */ = {isa = PBXFileReference; fileEncoding = 4; lastKnownFileType = sourcecode.c.h; name = OWSpaceObject.h; path = ../OWSpaceObject.h; sourceTree = "<group>"; };
		51BB0568190EC14A00A0FDB9 /* OWSpaceObject.m */ = {isa = PBXFileReference; fileEncoding = 4; lastKnownFileType = sourcecode.c.objc; name = OWSpaceObject.m; path = ../OWSpaceObject.m; sourceTree = "<group>"; };
/* End PBXFileReference section */

/* Begin PBXFrameworksBuildPhase section */
		51AB5138190E08A20008B541 /* Frameworks */ = {
			isa = PBXFrameworksBuildPhase;
			buildActionMask = 2147483647;
			files = (
				51AB5141190E08A20008B541 /* CoreGraphics.framework in Frameworks */,
				51AB5143190E08A20008B541 /* UIKit.framework in Frameworks */,
				51AB513F190E08A20008B541 /* Foundation.framework in Frameworks */,
			);
			runOnlyForDeploymentPostprocessing = 0;
		};
		51AB5159190E08A20008B541 /* Frameworks */ = {
			isa = PBXFrameworksBuildPhase;
			buildActionMask = 2147483647;
			files = (
				51AB515E190E08A20008B541 /* XCTest.framework in Frameworks */,
				51AB5160190E08A20008B541 /* UIKit.framework in Frameworks */,
				51AB515F190E08A20008B541 /* Foundation.framework in Frameworks */,
			);
			runOnlyForDeploymentPostprocessing = 0;
		};
/* End PBXFrameworksBuildPhase section */

/* Begin PBXGroup section */
		51AB5132190E08A20008B541 = {
			isa = PBXGroup;
			children = (
				51AB5144190E08A20008B541 /* Out of this World */,
				51AB5163190E08A20008B541 /* Out of this WorldTests */,
				51AB513D190E08A20008B541 /* Frameworks */,
				51AB513C190E08A20008B541 /* Products */,
			);
			sourceTree = "<group>";
		};
		51AB513C190E08A20008B541 /* Products */ = {
			isa = PBXGroup;
			children = (
				51AB513B190E08A20008B541 /* Out of this World.app */,
				51AB515C190E08A20008B541 /* Out of this WorldTests.xctest */,
			);
			name = Products;
			sourceTree = "<group>";
		};
		51AB513D190E08A20008B541 /* Frameworks */ = {
			isa = PBXGroup;
			children = (
				51AB513E190E08A20008B541 /* Foundation.framework */,
				51AB5140190E08A20008B541 /* CoreGraphics.framework */,
				51AB5142190E08A20008B541 /* UIKit.framework */,
				51AB515D190E08A20008B541 /* XCTest.framework */,
			);
			name = Frameworks;
			sourceTree = "<group>";
		};
		51AB5144190E08A20008B541 /* Out of this World */ = {
			isa = PBXGroup;
			children = (
				51AB514D190E08A20008B541 /* OWAppDelegate.h */,
				51AB514E190E08A20008B541 /* OWAppDelegate.m */,
				51AB5150190E08A20008B541 /* Main.storyboard */,
				51AD15B619147C3600ABA950 /* OWSpaceDataViewController.h */,
				51AD15B719147C3600ABA950 /* OWSpaceDataViewController.m */,
				519BA0FF1910F9E8008E5674 /* OWSpaceImageViewController.h */,
				519BA1001910F9E8008E5674 /* OWSpaceImageViewController.m */,
				51AB5173190E092D0008B541 /* OWOuterSpaceTableViewController.h */,
				51AB5174190E092D0008B541 /* OWOuterSpaceTableViewController.m */,
				51BB0567190EC14A00A0FDB9 /* OWSpaceObject.h */,
				51BB0568190EC14A00A0FDB9 /* OWSpaceObject.m */,
				51AB5156190E08A20008B541 /* Images.xcassets */,
				51AB5145190E08A20008B541 /* Supporting Files */,
			);
			path = "Out of this World";
			sourceTree = "<group>";
		};
		51AB5145190E08A20008B541 /* Supporting Files */ = {
			isa = PBXGroup;
			children = (
				51BB0553190EC03F00A0FDB9 /* Earth.jpg */,
				51BB0554190EC03F00A0FDB9 /* EinsteinRing.jpg */,
				51BB0555190EC03F00A0FDB9 /* Jupiter.jpg */,
				51BB0556190EC03F00A0FDB9 /* Mars.jpg */,
				51BB0557190EC03F00A0FDB9 /* Mercury.jpg */,
				51BB0558190EC03F00A0FDB9 /* Neptune.jpg */,
				51BB0559190EC03F00A0FDB9 /* Orion.jpg */,
				51BB055A190EC03F00A0FDB9 /* Saturn.jpg */,
				51BB055B190EC03F00A0FDB9 /* Uranus.jpg */,
				51BB055C190EC03F00A0FDB9 /* Venus.jpg */,
				51BB0550190EB6F300A0FDB9 /* AstronomicalData.h */,
				51BB0551190EB6F300A0FDB9 /* AstronomicalData.m */,
				51AB5146190E08A20008B541 /* Out of this World-Info.plist */,
				51AB5147190E08A20008B541 /* InfoPlist.strings */,
				51AB514A190E08A20008B541 /* main.m */,
				51AB514C190E08A20008B541 /* Out of this World-Prefix.pch */,
			);
			name = "Supporting Files";
			sourceTree = "<group>";
		};
		51AB5163190E08A20008B541 /* Out of this WorldTests */ = {
			isa = PBXGroup;
			children = (
				51AB5169190E08A20008B541 /* Out_of_this_WorldTests.m */,
				51AB5164190E08A20008B541 /* Supporting Files */,
			);
			path = "Out of this WorldTests";
			sourceTree = "<group>";
		};
		51AB5164190E08A20008B541 /* Supporting Files */ = {
			isa = PBXGroup;
			children = (
				51AB5165190E08A20008B541 /* Out of this WorldTests-Info.plist */,
				51AB5166190E08A20008B541 /* InfoPlist.strings */,
			);
			name = "Supporting Files";
			sourceTree = "<group>";
		};
/* End PBXGroup section */

/* Begin PBXNativeTarget section */
		51AB513A190E08A20008B541 /* Out of this World */ = {
			isa = PBXNativeTarget;
			buildConfigurationList = 51AB516D190E08A20008B541 /* Build configuration list for PBXNativeTarget "Out of this World" */;
			buildPhases = (
				51AB5137190E08A20008B541 /* Sources */,
				51AB5138190E08A20008B541 /* Frameworks */,
				51AB5139190E08A20008B541 /* Resources */,
			);
			buildRules = (
			);
			dependencies = (
			);
			name = "Out of this World";
			productName = "Out of this World";
			productReference = 51AB513B190E08A20008B541 /* Out of this World.app */;
			productType = "com.apple.product-type.application";
		};
		51AB515B190E08A20008B541 /* Out of this WorldTests */ = {
			isa = PBXNativeTarget;
			buildConfigurationList = 51AB5170190E08A20008B541 /* Build configuration list for PBXNativeTarget "Out of this WorldTests" */;
			buildPhases = (
				51AB5158190E08A20008B541 /* Sources */,
				51AB5159190E08A20008B541 /* Frameworks */,
				51AB515A190E08A20008B541 /* Resources */,
			);
			buildRules = (
			);
			dependencies = (
				51AB5162190E08A20008B541 /* PBXTargetDependency */,
			);
			name = "Out of this WorldTests";
			productName = "Out of this WorldTests";
			productReference = 51AB515C190E08A20008B541 /* Out of this WorldTests.xctest */;
			productType = "com.apple.product-type.bundle.unit-test";
		};
/* End PBXNativeTarget section */

/* Begin PBXProject section */
		51AB5133190E08A20008B541 /* Project object */ = {
			isa = PBXProject;
			attributes = {
				CLASSPREFIX = OW;
				LastUpgradeCheck = 0510;
				ORGANIZATIONNAME = "mak Learning";
				TargetAttributes = {
					51AB515B190E08A20008B541 = {
						TestTargetID = 51AB513A190E08A20008B541;
					};
				};
			};
			buildConfigurationList = 51AB5136190E08A20008B541 /* Build configuration list for PBXProject "Out of this World" */;
			compatibilityVersion = "Xcode 3.2";
			developmentRegion = English;
			hasScannedForEncodings = 0;
			knownRegions = (
				en,
				Base,
			);
			mainGroup = 51AB5132190E08A20008B541;
			productRefGroup = 51AB513C190E08A20008B541 /* Products */;
			projectDirPath = "";
			projectRoot = "";
			targets = (
				51AB513A190E08A20008B541 /* Out of this World */,
				51AB515B190E08A20008B541 /* Out of this WorldTests */,
			);
		};
/* End PBXProject section */

/* Begin PBXResourcesBuildPhase section */
		51AB5139190E08A20008B541 /* Resources */ = {
			isa = PBXResourcesBuildPhase;
			buildActionMask = 2147483647;
			files = (
				51BB055D190EC03F00A0FDB9 /* Earth.jpg in Resources */,
				51BB0566190EC03F00A0FDB9 /* Venus.jpg in Resources */,
				51BB0561190EC03F00A0FDB9 /* Mercury.jpg in Resources */,
				51BB0564190EC03F00A0FDB9 /* Saturn.jpg in Resources */,
				51BB0565190EC03F00A0FDB9 /* Uranus.jpg in Resources */,
				51AB5157190E08A20008B541 /* Images.xcassets in Resources */,
				51BB0562190EC03F00A0FDB9 /* Neptune.jpg in Resources */,
				51BB0560190EC03F00A0FDB9 /* Mars.jpg in Resources */,
				51AB5149190E08A20008B541 /* InfoPlist.strings in Resources */,
				51AB5152190E08A20008B541 /* Main.storyboard in Resources */,
				51BB055E190EC03F00A0FDB9 /* EinsteinRing.jpg in Resources */,
				51BB055F190EC03F00A0FDB9 /* Jupiter.jpg in Resources */,
				51BB0563190EC03F00A0FDB9 /* Orion.jpg in Resources */,
			);
			runOnlyForDeploymentPostprocessing = 0;
		};
		51AB515A190E08A20008B541 /* Resources */ = {
			isa = PBXResourcesBuildPhase;
			buildActionMask = 2147483647;
			files = (
				51AB5168190E08A20008B541 /* InfoPlist.strings in Resources */,
			);
			runOnlyForDeploymentPostprocessing = 0;
		};
/* End PBXResourcesBuildPhase section */

/* Begin PBXSourcesBuildPhase section */
		51AB5137190E08A20008B541 /* Sources */ = {
			isa = PBXSourcesBuildPhase;
			buildActionMask = 2147483647;
			files = (
				51AB5175190E092D0008B541 /* OWOuterSpaceTableViewController.m in Sources */,
				51BB0569190EC14A00A0FDB9 /* OWSpaceObject.m in Sources */,
				51AB514F190E08A20008B541 /* OWAppDelegate.m in Sources */,
				51AB514B190E08A20008B541 /* main.m in Sources */,
				51BB0552190EB6F300A0FDB9 /* AstronomicalData.m in Sources */,
				51AD15B819147C3600ABA950 /* OWSpaceDataViewController.m in Sources */,
				519BA1011910F9E8008E5674 /* OWSpaceImageViewController.m in Sources */,
			);
			runOnlyForDeploymentPostprocessing = 0;
		};
		51AB5158190E08A20008B541 /* Sources */ = {
			isa = PBXSourcesBuildPhase;
			buildActionMask = 2147483647;
			files = (
				51AB516A190E08A20008B541 /* Out_of_this_WorldTests.m in Sources */,
			);
			runOnlyForDeploymentPostprocessing = 0;
		};
/* End PBXSourcesBuildPhase section */

/* Begin PBXTargetDependency section */
		51AB5162190E08A20008B541 /* PBXTargetDependency */ = {
			isa = PBXTargetDependency;
			target = 51AB513A190E08A20008B541 /* Out of this World */;
			targetProxy = 51AB5161190E08A20008B541 /* PBXContainerItemProxy */;
		};
/* End PBXTargetDependency section */

/* Begin PBXVariantGroup section */
		51AB5147190E08A20008B541 /* InfoPlist.strings */ = {
			isa = PBXVariantGroup;
			children = (
				51AB5148190E08A20008B541 /* en */,
			);
			name = InfoPlist.strings;
			sourceTree = "<group>";
		};
		51AB5150190E08A20008B541 /* Main.storyboard */ = {
			isa = PBXVariantGroup;
			children = (
				51AB5151190E08A20008B541 /* Base */,
			);
			name = Main.storyboard;
			sourceTree = "<group>";
		};
		51AB5166190E08A20008B541 /* InfoPlist.strings */ = {
			isa = PBXVariantGroup;
			children = (
				51AB5167190E08A20008B541 /* en */,
			);
			name = InfoPlist.strings;
			sourceTree = "<group>";
		};
/* End PBXVariantGroup section */

/* Begin XCBuildConfiguration section */
		51AB516B190E08A20008B541 /* Debug */ = {
			isa = XCBuildConfiguration;
			buildSettings = {
				ALWAYS_SEARCH_USER_PATHS = NO;
				CLANG_CXX_LANGUAGE_STANDARD = "gnu++0x";
				CLANG_CXX_LIBRARY = "libc++";
				CLANG_ENABLE_MODULES = YES;
				CLANG_ENABLE_OBJC_ARC = YES;
				CLANG_WARN_BOOL_CONVERSION = YES;
				CLANG_WARN_CONSTANT_CONVERSION = YES;
				CLANG_WARN_DIRECT_OBJC_ISA_USAGE = YES_ERROR;
				CLANG_WARN_EMPTY_BODY = YES;
				CLANG_WARN_ENUM_CONVERSION = YES;
				CLANG_WARN_INT_CONVERSION = YES;
				CLANG_WARN_OBJC_ROOT_CLASS = YES_ERROR;
				CLANG_WARN__DUPLICATE_METHOD_MATCH = YES;
				"CODE_SIGN_IDENTITY[sdk=iphoneos*]" = "iPhone Developer";
				COPY_PHASE_STRIP = NO;
				GCC_C_LANGUAGE_STANDARD = gnu99;
				GCC_DYNAMIC_NO_PIC = NO;
				GCC_OPTIMIZATION_LEVEL = 0;
				GCC_PREPROCESSOR_DEFINITIONS = (
					"DEBUG=1",
					"$(inherited)",
				);
				GCC_SYMBOLS_PRIVATE_EXTERN = NO;
				GCC_WARN_64_TO_32_BIT_CONVERSION = YES;
				GCC_WARN_ABOUT_RETURN_TYPE = YES_ERROR;
				GCC_WARN_UNDECLARED_SELECTOR = YES;
				GCC_WARN_UNINITIALIZED_AUTOS = YES_AGGRESSIVE;
				GCC_WARN_UNUSED_FUNCTION = YES;
				GCC_WARN_UNUSED_VARIABLE = YES;
				IPHONEOS_DEPLOYMENT_TARGET = 7.1;
				ONLY_ACTIVE_ARCH = YES;
				SDKROOT = iphoneos;
			};
			name = Debug;
		};
		51AB516C190E08A20008B541 /* Release */ = {
			isa = XCBuildConfiguration;
			buildSettings = {
				ALWAYS_SEARCH_USER_PATHS = NO;
				CLANG_CXX_LANGUAGE_STANDARD = "gnu++0x";
				CLANG_CXX_LIBRARY = "libc++";
				CLANG_ENABLE_MODULES = YES;
				CLANG_ENABLE_OBJC_ARC = YES;
				CLANG_WARN_BOOL_CONVERSION = YES;
				CLANG_WARN_CONSTANT_CONVERSION = YES;
				CLANG_WARN_DIRECT_OBJC_ISA_USAGE = YES_ERROR;
				CLANG_WARN_EMPTY_BODY = YES;
				CLANG_WARN_ENUM_CONVERSION = YES;
				CLANG_WARN_INT_CONVERSION = YES;
				CLANG_WARN_OBJC_ROOT_CLASS = YES_ERROR;
				CLANG_WARN__DUPLICATE_METHOD_MATCH = YES;
				"CODE_SIGN_IDENTITY[sdk=iphoneos*]" = "iPhone Developer";
				COPY_PHASE_STRIP = YES;
				ENABLE_NS_ASSERTIONS = NO;
				GCC_C_LANGUAGE_STANDARD = gnu99;
				GCC_WARN_64_TO_32_BIT_CONVERSION = YES;
				GCC_WARN_ABOUT_RETURN_TYPE = YES_ERROR;
				GCC_WARN_UNDECLARED_SELECTOR = YES;
				GCC_WARN_UNINITIALIZED_AUTOS = YES_AGGRESSIVE;
				GCC_WARN_UNUSED_FUNCTION = YES;
				GCC_WARN_UNUSED_VARIABLE = YES;
				IPHONEOS_DEPLOYMENT_TARGET = 7.1;
				SDKROOT = iphoneos;
				VALIDATE_PRODUCT = YES;
			};
			name = Release;
		};
		51AB516E190E08A20008B541 /* Debug */ = {
			isa = XCBuildConfiguration;
			buildSettings = {
				ASSETCATALOG_COMPILER_APPICON_NAME = AppIcon;
				ASSETCATALOG_COMPILER_LAUNCHIMAGE_NAME = LaunchImage;
				GCC_PRECOMPILE_PREFIX_HEADER = YES;
				GCC_PREFIX_HEADER = "Out of this World/Out of this World-Prefix.pch";
				INFOPLIST_FILE = "Out of this World/Out of this World-Info.plist";
				PRODUCT_NAME = "$(TARGET_NAME)";
				WRAPPER_EXTENSION = app;
			};
			name = Debug;
		};
		51AB516F190E08A20008B541 /* Release */ = {
			isa = XCBuildConfiguration;
			buildSettings = {
				ASSETCATALOG_COMPILER_APPICON_NAME = AppIcon;
				ASSETCATALOG_COMPILER_LAUNCHIMAGE_NAME = LaunchImage;
				GCC_PRECOMPILE_PREFIX_HEADER = YES;
				GCC_PREFIX_HEADER = "Out of this World/Out of this World-Prefix.pch";
				INFOPLIST_FILE = "Out of this World/Out of this World-Info.plist";
				PRODUCT_NAME = "$(TARGET_NAME)";
				WRAPPER_EXTENSION = app;
			};
			name = Release;
		};
		51AB5171190E08A20008B541 /* Debug */ = {
			isa = XCBuildConfiguration;
			buildSettings = {
				BUNDLE_LOADER = "$(BUILT_PRODUCTS_DIR)/Out of this World.app/Out of this World";
				FRAMEWORK_SEARCH_PATHS = (
					"$(SDKROOT)/Developer/Library/Frameworks",
					"$(inherited)",
					"$(DEVELOPER_FRAMEWORKS_DIR)",
				);
				GCC_PRECOMPILE_PREFIX_HEADER = YES;
				GCC_PREFIX_HEADER = "Out of this World/Out of this World-Prefix.pch";
				GCC_PREPROCESSOR_DEFINITIONS = (
					"DEBUG=1",
					"$(inherited)",
				);
				INFOPLIST_FILE = "Out of this WorldTests/Out of this WorldTests-Info.plist";
				PRODUCT_NAME = "$(TARGET_NAME)";
				TEST_HOST = "$(BUNDLE_LOADER)";
				WRAPPER_EXTENSION = xctest;
			};
			name = Debug;
		};
		51AB5172190E08A20008B541 /* Release */ = {
			isa = XCBuildConfiguration;
			buildSettings = {
				BUNDLE_LOADER = "$(BUILT_PRODUCTS_DIR)/Out of this World.app/Out of this World";
				FRAMEWORK_SEARCH_PATHS = (
					"$(SDKROOT)/Developer/Library/Frameworks",
					"$(inherited)",
					"$(DEVELOPER_FRAMEWORKS_DIR)",
				);
				GCC_PRECOMPILE_PREFIX_HEADER = YES;
				GCC_PREFIX_HEADER = "Out of this World/Out of this World-Prefix.pch";
				INFOPLIST_FILE = "Out of this WorldTests/Out of this WorldTests-Info.plist";
				PRODUCT_NAME = "$(TARGET_NAME)";
				TEST_HOST = "$(BUNDLE_LOADER)";
				WRAPPER_EXTENSION = xctest;
			};
			name = Release;
		};
/* End XCBuildConfiguration section */

/* Begin XCConfigurationList section */
		51AB5136190E08A20008B541 /* Build configuration list for PBXProject "Out of this World" */ = {
			isa = XCConfigurationList;
			buildConfigurations = (
				51AB516B190E08A20008B541 /* Debug */,
				51AB516C190E08A20008B541 /* Release */,
			);
			defaultConfigurationIsVisible = 0;
			defaultConfigurationName = Release;
		};
		51AB516D190E08A20008B541 /* Build configuration list for PBXNativeTarget "Out of this World" */ = {
			isa = XCConfigurationList;
			buildConfigurations = (
				51AB516E190E08A20008B541 /* Debug */,
				51AB516F190E08A20008B541 /* Release */,
			);
			defaultConfigurationIsVisible = 0;
			defaultConfigurationName = Release;
		};
		51AB5170190E08A20008B541 /* Build configuration list for PBXNativeTarget "Out of this WorldTests" */ = {
			isa = XCConfigurationList;
			buildConfigurations = (
				51AB5171190E08A20008B541 /* Debug */,
				51AB5172190E08A20008B541 /* Release */,
			);
			defaultConfigurationIsVisible = 0;
			defaultConfigurationName = Release;
		};
/* End XCConfigurationList section */
	};
	rootObject = 51AB5133190E08A20008B541 /* Project object */;
}
